
Microsoft Visual Studio Solution File, Format Version 12.00
# Visual Studio Version 16
VisualStudioVersion = 16.0.29926.136
MinimumVisualStudioVersion = 10.0.40219.1
Project("{9A19103F-16F7-4668-BE54-9A1E7A4F7556}") = "RegistroPerson", "RegistroPerson.csproj", "{61887C3A-EDD7-4672-A906-39986D616027}"
EndProject
Global
	GlobalSection(SolutionConfigurationPlatforms) = preSolution
		Debug|Any CPU = Debug|Any CPU
		Release|Any CPU = Release|Any CPU
	EndGlobalSection
	GlobalSection(ProjectConfigurationPlatforms) = postSolution
		{61887C3A-EDD7-4672-A906-39986D616027}.Debug|Any CPU.ActiveCfg = Debug|Any CPU
		{61887C3A-EDD7-4672-A906-39986D616027}.Debug|Any CPU.Build.0 = Debug|Any CPU
		{61887C3A-EDD7-4672-A906-39986D616027}.Release|Any CPU.ActiveCfg = Release|Any CPU
		{61887C3A-EDD7-4672-A906-39986D616027}.Release|Any CPU.Build.0 = Release|Any CPU
	EndGlobalSection
	GlobalSection(SolutionProperties) = preSolution
		HideSolutionNode = FALSE
	EndGlobalSection
	GlobalSection(ExtensibilityGlobals) = postSolution
		SolutionGuid = {6A829876-6C88-4932-9D50-D3484DC39937}
	EndGlobalSection
EndGlobal
